
Microsoft Visual Studio Solution File, Format Version 12.00
# Visual Studio Version 17
VisualStudioVersion = 17.10.35013.160
MinimumVisualStudioVersion = 10.0.40219.1
Project("{9A19103F-16F7-4668-BE54-9A1E7A4F7556}") = "BlazorContactForm", "BlazorContactForm.csproj", "{43C13442-FB34-4F45-BDEA-DCBC2E2E9BD8}"
EndProject
Global
	GlobalSection(SolutionConfigurationPlatforms) = preSolution
		Debug|Any CPU = Debug|Any CPU
		Release|Any CPU = Release|Any CPU
	EndGlobalSection
	GlobalSection(ProjectConfigurationPlatforms) = postSolution
		{43C13442-FB34-4F45-BDEA-DCBC2E2E9BD8}.Debug|Any CPU.ActiveCfg = Debug|Any CPU
		{43C13442-FB34-4F45-BDEA-DCBC2E2E9BD8}.Debug|Any CPU.Build.0 = Debug|Any CPU
		{43C13442-FB34-4F45-BDEA-DCBC2E2E9BD8}.Release|Any CPU.ActiveCfg = Release|Any CPU
		{43C13442-FB34-4F45-BDEA-DCBC2E2E9BD8}.Release|Any CPU.Build.0 = Release|Any CPU
	EndGlobalSection
	GlobalSection(SolutionProperties) = preSolution
		HideSolutionNode = FALSE
	EndGlobalSection
	GlobalSection(ExtensibilityGlobals) = postSolution
		SolutionGuid = {44D0748C-8A66-4C2E-ABAA-753D80D2D13F}
	EndGlobalSection
EndGlobal
